// !$*UTF8*$!
{
	archiveVersion = 1;
	classes = {
	};
	objectVersion = 50;
	objects = {

/* Begin PBXBuildFile section */
		9A55F10C26989D4500475015 /* HWSWeSplitApp.swift in Sources */ = {isa = PBXBuildFile; fileRef = 9A55F0F926989D4400475015 /* HWSWeSplitApp.swift */; };
		9A55F10D26989D4500475015 /* HWSWeSplitApp.swift in Sources */ = {isa = PBXBuildFile; fileRef = 9A55F0F926989D4400475015 /* HWSWeSplitApp.swift */; };
		9A55F10E26989D4500475015 /* ContentView.swift in Sources */ = {isa = PBXBuildFile; fileRef = 9A55F0FA26989D4400475015 /* ContentView.swift */; };
		9A55F10F26989D4500475015 /* ContentView.swift in Sources */ = {isa = PBXBuildFile; fileRef = 9A55F0FA26989D4400475015 /* ContentView.swift */; };
		9A55F11026989D4500475015 /* Assets.xcassets in Resources */ = {isa = PBXBuildFile; fileRef = 9A55F0FB26989D4500475015 /* Assets.xcassets */; };
		9A55F11126989D4500475015 /* Assets.xcassets in Resources */ = {isa = PBXBuildFile; fileRef = 9A55F0FB26989D4500475015 /* Assets.xcassets */; };
/* End PBXBuildFile section */

/* Begin PBXFileReference section */
		9A55F0F926989D4400475015 /* HWSWeSplitApp.swift */ = {isa = PBXFileReference; lastKnownFileType = sourcecode.swift; path = HWSWeSplitApp.swift; sourceTree = "<group>"; };
		9A55F0FA26989D4400475015 /* ContentView.swift */ = {isa = PBXFileReference; lastKnownFileType = sourcecode.swift; path = ContentView.swift; sourceTree = "<group>"; };
		9A55F0FB26989D4500475015 /* Assets.xcassets */ = {isa = PBXFileReference; lastKnownFileType = folder.assetcatalog; path = Assets.xcassets; sourceTree = "<group>"; };
		9A55F10026989D4500475015 /* HWSWeSplit.app */ = {isa = PBXFileReference; explicitFileType = wrapper.application; includeInIndex = 0; path = HWSWeSplit.app; sourceTree = BUILT_PRODUCTS_DIR; };
		9A55F10326989D4500475015 /* Info.plist */ = {isa = PBXFileReference; lastKnownFileType = text.plist.xml; path = Info.plist; sourceTree = "<group>"; };
		9A55F10826989D4500475015 /* HWSWeSplit.app */ = {isa = PBXFileReference; explicitFileType = wrapper.application; includeInIndex = 0; path = HWSWeSplit.app; sourceTree = BUILT_PRODUCTS_DIR; };
		9A55F10A26989D4500475015 /* Info.plist */ = {isa = PBXFileReference; lastKnownFileType = text.plist.xml; path = Info.plist; sourceTree = "<group>"; };
		9A55F10B26989D4500475015 /* macOS.entitlements */ = {isa = PBXFileReference; lastKnownFileType = text.plist.entitlements; path = macOS.entitlements; sourceTree = "<group>"; };
/* End PBXFileReference section */

/* Begin PBXFrameworksBuildPhase section */
		9A55F0FD26989D4500475015 /* Frameworks */ = {
			isa = PBXFrameworksBuildPhase;
			buildActionMask = 2147483647;
			files = (
			);
			runOnlyForDeploymentPostprocessing = 0;
		};
		9A55F10526989D4500475015 /* Frameworks */ = {
			isa = PBXFrameworksBuildPhase;
			buildActionMask = 2147483647;
			files = (
			);
			runOnlyForDeploymentPostprocessing = 0;
		};
/* End PBXFrameworksBuildPhase section */

/* Begin PBXGroup section */
		9A55F0F326989D4400475015 = {
			isa = PBXGroup;
			children = (
				9A55F0F826989D4400475015 /* Shared */,
				9A55F10226989D4500475015 /* iOS */,
				9A55F10926989D4500475015 /* macOS */,
				9A55F10126989D4500475015 /* Products */,
			);
			sourceTree = "<group>";
		};
		9A55F0F826989D4400475015 /* Shared */ = {
			isa = PBXGroup;
			children = (
				9A55F0F926989D4400475015 /* HWSWeSplitApp.swift */,
				9A55F0FA26989D4400475015 /* ContentView.swift */,
				9A55F0FB26989D4500475015 /* Assets.xcassets */,
			);
			path = Shared;
			sourceTree = "<group>";
		};
		9A55F10126989D4500475015 /* Products */ = {
			isa = PBXGroup;
			children = (
				9A55F10026989D4500475015 /* HWSWeSplit.app */,
				9A55F10826989D4500475015 /* HWSWeSplit.app */,
			);
			name = Products;
			sourceTree = "<group>";
		};
		9A55F10226989D4500475015 /* iOS */ = {
			isa = PBXGroup;
			children = (
				9A55F10326989D4500475015 /* Info.plist */,
			);
			path = iOS;
			sourceTree = "<group>";
		};
		9A55F10926989D4500475015 /* macOS */ = {
			isa = PBXGroup;
			children = (
				9A55F10A26989D4500475015 /* Info.plist */,
				9A55F10B26989D4500475015 /* macOS.entitlements */,
			);
			path = macOS;
			sourceTree = "<group>";
		};
/* End PBXGroup section */

/* Begin PBXNativeTarget section */
		9A55F0FF26989D4500475015 /* HWSWeSplit (iOS) */ = {
			isa = PBXNativeTarget;
			buildConfigurationList = 9A55F11426989D4500475015 /* Build configuration list for PBXNativeTarget "HWSWeSplit (iOS)" */;
			buildPhases = (
				9A55F0FC26989D4500475015 /* Sources */,
				9A55F0FD26989D4500475015 /* Frameworks */,
				9A55F0FE26989D4500475015 /* Resources */,
			);
			buildRules = (
			);
			dependencies = (
			);
			name = "HWSWeSplit (iOS)";
			productName = "HWSWeSplit (iOS)";
			productReference = 9A55F10026989D4500475015 /* HWSWeSplit.app */;
			productType = "com.apple.product-type.application";
		};
		9A55F10726989D4500475015 /* HWSWeSplit (macOS) */ = {
			isa = PBXNativeTarget;
			buildConfigurationList = 9A55F11726989D4500475015 /* Build configuration list for PBXNativeTarget "HWSWeSplit (macOS)" */;
			buildPhases = (
				9A55F10426989D4500475015 /* Sources */,
				9A55F10526989D4500475015 /* Frameworks */,
				9A55F10626989D4500475015 /* Resources */,
			);
			buildRules = (
			);
			dependencies = (
			);
			name = "HWSWeSplit (macOS)";
			productName = "HWSWeSplit (macOS)";
			productReference = 9A55F10826989D4500475015 /* HWSWeSplit.app */;
			productType = "com.apple.product-type.application";
		};
/* End PBXNativeTarget section */

/* Begin PBXProject section */
		9A55F0F426989D4400475015 /* Project object */ = {
			isa = PBXProject;
			attributes = {
				LastSwiftUpdateCheck = 1250;
				LastUpgradeCheck = 1250;
				TargetAttributes = {
					9A55F0FF26989D4500475015 = {
						CreatedOnToolsVersion = 12.5.1;
					};
					9A55F10726989D4500475015 = {
						CreatedOnToolsVersion = 12.5.1;
					};
				};
			};
			buildConfigurationList = 9A55F0F726989D4400475015 /* Build configuration list for PBXProject "HWSWeSplit" */;
			compatibilityVersion = "Xcode 9.3";
			developmentRegion = en;
			hasScannedForEncodings = 0;
			knownRegions = (
				en,
				Base,
			);
			mainGroup = 9A55F0F326989D4400475015;
			productRefGroup = 9A55F10126989D4500475015 /* Products */;
			projectDirPath = "";
			projectRoot = "";
			targets = (
				9A55F0FF26989D4500475015 /* HWSWeSplit (iOS) */,
				9A55F10726989D4500475015 /* HWSWeSplit (macOS) */,
			);
		};
/* End PBXProject section */

/* Begin PBXResourcesBuildPhase section */
		9A55F0FE26989D4500475015 /* Resources */ = {
			isa = PBXResourcesBuildPhase;
			buildActionMask = 2147483647;
			files = (
				9A55F11026989D4500475015 /* Assets.xcassets in Resources */,
			);
			runOnlyForDeploymentPostprocessing = 0;
		};
		9A55F10626989D4500475015 /* Resources */ = {
			isa = PBXResourcesBuildPhase;
			buildActionMask = 2147483647;
			files = (
				9A55F11126989D4500475015 /* Assets.xcassets in Resources */,
			);
			runOnlyForDeploymentPostprocessing = 0;
		};
/* End PBXResourcesBuildPhase section */

/* Begin PBXSourcesBuildPhase section */
		9A55F0FC26989D4500475015 /* Sources */ = {
			isa = PBXSourcesBuildPhase;
			buildActionMask = 2147483647;
			files = (
				9A55F10E26989D4500475015 /* ContentView.swift in Sources */,
				9A55F10C26989D4500475015 /* HWSWeSplitApp.swift in Sources */,
			);
			runOnlyForDeploymentPostprocessing = 0;
		};
		9A55F10426989D4500475015 /* Sources */ = {
			isa = PBXSourcesBuildPhase;
			buildActionMask = 2147483647;
			files = (
				9A55F10F26989D4500475015 /* ContentView.swift in Sources */,
				9A55F10D26989D4500475015 /* HWSWeSplitApp.swift in Sources */,
			);
			runOnlyForDeploymentPostprocessing = 0;
		};
/* End PBXSourcesBuildPhase section */

/* Begin XCBuildConfiguration section */
		9A55F11226989D4500475015 /* Debug */ = {
			isa = XCBuildConfiguration;
			buildSettings = {
				ALWAYS_SEARCH_USER_PATHS = NO;
				CLANG_ANALYZER_NONNULL = YES;
				CLANG_ANALYZER_NUMBER_OBJECT_CONVERSION = YES_AGGRESSIVE;
				CLANG_CXX_LANGUAGE_STANDARD = "gnu++14";
				CLANG_CXX_LIBRARY = "libc++";
				CLANG_ENABLE_MODULES = YES;
				CLANG_ENABLE_OBJC_ARC = YES;
				CLANG_ENABLE_OBJC_WEAK = YES;
				CLANG_WARN_BLOCK_CAPTURE_AUTORELEASING = YES;
				CLANG_WARN_BOOL_CONVERSION = YES;
				CLANG_WARN_COMMA = YES;
				CLANG_WARN_CONSTANT_CONVERSION = YES;
				CLANG_WARN_DEPRECATED_OBJC_IMPLEMENTATIONS = YES;
				CLANG_WARN_DIRECT_OBJC_ISA_USAGE = YES_ERROR;
				CLANG_WARN_DOCUMENTATION_COMMENTS = YES;
				CLANG_WARN_EMPTY_BODY = YES;
				CLANG_WARN_ENUM_CONVERSION = YES;
				CLANG_WARN_INFINITE_RECURSION = YES;
				CLANG_WARN_INT_CONVERSION = YES;
				CLANG_WARN_NON_LITERAL_NULL_CONVERSION = YES;
				CLANG_WARN_OBJC_IMPLICIT_RETAIN_SELF = YES;
				CLANG_WARN_OBJC_LITERAL_CONVERSION = YES;
				CLANG_WARN_OBJC_ROOT_CLASS = YES_ERROR;
				CLANG_WARN_QUOTED_INCLUDE_IN_FRAMEWORK_HEADER = YES;
				CLANG_WARN_RANGE_LOOP_ANALYSIS = YES;
				CLANG_WARN_STRICT_PROTOTYPES = YES;
				CLANG_WARN_SUSPICIOUS_MOVE = YES;
				CLANG_WARN_UNGUARDED_AVAILABILITY = YES_AGGRESSIVE;
				CLANG_WARN_UNREACHABLE_CODE = YES;
				CLANG_WARN__DUPLICATE_METHOD_MATCH = YES;
				COPY_PHASE_STRIP = NO;
				DEBUG_INFORMATION_FORMAT = dwarf;
				ENABLE_STRICT_OBJC_MSGSEND = YES;
				ENABLE_TESTABILITY = YES;
				GCC_C_LANGUAGE_STANDARD = gnu11;
				GCC_DYNAMIC_NO_PIC = NO;
				GCC_NO_COMMON_BLOCKS = YES;
				GCC_OPTIMIZATION_LEVEL = 0;
				GCC_PREPROCESSOR_DEFINITIONS = (
					"DEBUG=1",
					"$(inherited)",
				);
				GCC_WARN_64_TO_32_BIT_CONVERSION = YES;
				GCC_WARN_ABOUT_RETURN_TYPE = YES_ERROR;
				GCC_WARN_UNDECLARED_SELECTOR = YES;
				GCC_WARN_UNINITIALIZED_AUTOS = YES_AGGRESSIVE;
				GCC_WARN_UNUSED_FUNCTION = YES;
				GCC_WARN_UNUSED_VARIABLE = YES;
				MTL_ENABLE_DEBUG_INFO = INCLUDE_SOURCE;
				MTL_FAST_MATH = YES;
				ONLY_ACTIVE_ARCH = YES;
				SWIFT_ACTIVE_COMPILATION_CONDITIONS = DEBUG;
				SWIFT_OPTIMIZATION_LEVEL = "-Onone";
			};
			name = Debug;
		};
		9A55F11326989D4500475015 /* Release */ = {
			isa = XCBuildConfiguration;
			buildSettings = {
				ALWAYS_SEARCH_USER_PATHS = NO;
				CLANG_ANALYZER_NONNULL = YES;
				CLANG_ANALYZER_NUMBER_OBJECT_CONVERSION = YES_AGGRESSIVE;
				CLANG_CXX_LANGUAGE_STANDARD = "gnu++14";
				CLANG_CXX_LIBRARY = "libc++";
				CLANG_ENABLE_MODULES = YES;
				CLANG_ENABLE_OBJC_ARC = YES;
				CLANG_ENABLE_OBJC_WEAK = YES;
				CLANG_WARN_BLOCK_CAPTURE_AUTORELEASING = YES;
				CLANG_WARN_BOOL_CONVERSION = YES;
				CLANG_WARN_COMMA = YES;
				CLANG_WARN_CONSTANT_CONVERSION = YES;
				CLANG_WARN_DEPRECATED_OBJC_IMPLEMENTATIONS = YES;
				CLANG_WARN_DIRECT_OBJC_ISA_USAGE = YES_ERROR;
				CLANG_WARN_DOCUMENTATION_COMMENTS = YES;
				CLANG_WARN_EMPTY_BODY = YES;
				CLANG_WARN_ENUM_CONVERSION = YES;
				CLANG_WARN_INFINITE_RECURSION = YES;
				CLANG_WARN_INT_CONVERSION = YES;
				CLANG_WARN_NON_LITERAL_NULL_CONVERSION = YES;
				CLANG_WARN_OBJC_IMPLICIT_RETAIN_SELF = YES;
				CLANG_WARN_OBJC_LITERAL_CONVERSION = YES;
				CLANG_WARN_OBJC_ROOT_CLASS = YES_ERROR;
				CLANG_WARN_QUOTED_INCLUDE_IN_FRAMEWORK_HEADER = YES;
				CLANG_WARN_RANGE_LOOP_ANALYSIS = YES;
				CLANG_WARN_STRICT_PROTOTYPES = YES;
				CLANG_WARN_SUSPICIOUS_MOVE = YES;
				CLANG_WARN_UNGUARDED_AVAILABILITY = YES_AGGRESSIVE;
				CLANG_WARN_UNREACHABLE_CODE = YES;
				CLANG_WARN__DUPLICATE_METHOD_MATCH = YES;
				COPY_PHASE_STRIP = NO;
				DEBUG_INFORMATION_FORMAT = "dwarf-with-dsym";
				ENABLE_NS_ASSERTIONS = NO;
				ENABLE_STRICT_OBJC_MSGSEND = YES;
				GCC_C_LANGUAGE_STANDARD = gnu11;
				GCC_NO_COMMON_BLOCKS = YES;
				GCC_WARN_64_TO_32_BIT_CONVERSION = YES;
				GCC_WARN_ABOUT_RETURN_TYPE = YES_ERROR;
				GCC_WARN_UNDECLARED_SELECTOR = YES;
				GCC_WARN_UNINITIALIZED_AUTOS = YES_AGGRESSIVE;
				GCC_WARN_UNUSED_FUNCTION = YES;
				GCC_WARN_UNUSED_VARIABLE = YES;
				MTL_ENABLE_DEBUG_INFO = NO;
				MTL_FAST_MATH = YES;
				SWIFT_COMPILATION_MODE = wholemodule;
				SWIFT_OPTIMIZATION_LEVEL = "-O";
			};
			name = Release;
		};
		9A55F11526989D4500475015 /* Debug */ = {
			isa = XCBuildConfiguration;
			buildSettings = {
				ASSETCATALOG_COMPILER_APPICON_NAME = AppIcon;
				ASSETCATALOG_COMPILER_GLOBAL_ACCENT_COLOR_NAME = AccentColor;
				CODE_SIGN_STYLE = Automatic;
				DEVELOPMENT_TEAM = 8FQBABD3YB;
				ENABLE_PREVIEWS = YES;
				INFOPLIST_FILE = iOS/Info.plist;
				IPHONEOS_DEPLOYMENT_TARGET = 14.0;
				LD_RUNPATH_SEARCH_PATHS = (
					"$(inherited)",
					"@executable_path/Frameworks",
				);
				PRODUCT_BUNDLE_IDENTIFIER = com.dipikachadha.HWSWeSplit;
				PRODUCT_NAME = HWSWeSplit;
				SDKROOT = iphoneos;
				SWIFT_VERSION = 5.0;
				TARGETED_DEVICE_FAMILY = "1,2";
			};
			name = Debug;
		};
		9A55F11626989D4500475015 /* Release */ = {
			isa = XCBuildConfiguration;
			buildSettings = {
				ASSETCATALOG_COMPILER_APPICON_NAME = AppIcon;
				ASSETCATALOG_COMPILER_GLOBAL_ACCENT_COLOR_NAME = AccentColor;
				CODE_SIGN_STYLE = Automatic;
				DEVELOPMENT_TEAM = 8FQBABD3YB;
				ENABLE_PREVIEWS = YES;
				INFOPLIST_FILE = iOS/Info.plist;
				IPHONEOS_DEPLOYMENT_TARGET = 14.0;
				LD_RUNPATH_SEARCH_PATHS = (
					"$(inherited)",
					"@executable_path/Frameworks",
				);
				PRODUCT_BUNDLE_IDENTIFIER = com.dipikachadha.HWSWeSplit;
				PRODUCT_NAME = HWSWeSplit;
				SDKROOT = iphoneos;
				SWIFT_VERSION = 5.0;
				TARGETED_DEVICE_FAMILY = "1,2";
				VALIDATE_PRODUCT = YES;
			};
			name = Release;
		};
		9A55F11826989D4500475015 /* Debug */ = {
			isa = XCBuildConfiguration;
			buildSettings = {
				ASSETCATALOG_COMPILER_APPICON_NAME = AppIcon;
				ASSETCATALOG_COMPILER_GLOBAL_ACCENT_COLOR_NAME = AccentColor;
				CODE_SIGN_ENTITLEMENTS = macOS/macOS.entitlements;
				CODE_SIGN_STYLE = Automatic;
				COMBINE_HIDPI_IMAGES = YES;
				DEVELOPMENT_TEAM = 8FQBABD3YB;
				ENABLE_HARDENED_RUNTIME = YES;
				ENABLE_PREVIEWS = YES;
				INFOPLIST_FILE = macOS/Info.plist;
				LD_RUNPATH_SEARCH_PATHS = (
					"$(inherited)",
					"@executable_path/../Frameworks",
				);
				MACOSX_DEPLOYMENT_TARGET = 11.0;
				PRODUCT_BUNDLE_IDENTIFIER = com.dipikachadha.HWSWeSplit;
				PRODUCT_NAME = HWSWeSplit;
				SDKROOT = macosx;
				SWIFT_VERSION = 5.0;
			};
			name = Debug;
		};
		9A55F11926989D4500475015 /* Release */ = {
			isa = XCBuildConfiguration;
			buildSettings = {
				ASSETCATALOG_COMPILER_APPICON_NAME = AppIcon;
				ASSETCATALOG_COMPILER_GLOBAL_ACCENT_COLOR_NAME = AccentColor;
				CODE_SIGN_ENTITLEMENTS = macOS/macOS.entitlements;
				CODE_SIGN_STYLE = Automatic;
				COMBINE_HIDPI_IMAGES = YES;
				DEVELOPMENT_TEAM = 8FQBABD3YB;
				ENABLE_HARDENED_RUNTIME = YES;
				ENABLE_PREVIEWS = YES;
				INFOPLIST_FILE = macOS/Info.plist;
				LD_RUNPATH_SEARCH_PATHS = (
					"$(inherited)",
					"@executable_path/../Frameworks",
				);
				MACOSX_DEPLOYMENT_TARGET = 11.0;
				PRODUCT_BUNDLE_IDENTIFIER = com.dipikachadha.HWSWeSplit;
				PRODUCT_NAME = HWSWeSplit;
				SDKROOT = macosx;
				SWIFT_VERSION = 5.0;
			};
			name = Release;
		};
/* End XCBuildConfiguration section */

/* Begin XCConfigurationList section */
		9A55F0F726989D4400475015 /* Build configuration list for PBXProject "HWSWeSplit" */ = {
			isa = XCConfigurationList;
			buildConfigurations = (
				9A55F11226989D4500475015 /* Debug */,
				9A55F11326989D4500475015 /* Release */,
			);
			defaultConfigurationIsVisible = 0;
			defaultConfigurationName = Release;
		};
		9A55F11426989D4500475015 /* Build configuration list for PBXNativeTarget "HWSWeSplit (iOS)" */ = {
			isa = XCConfigurationList;
			buildConfigurations = (
				9A55F11526989D4500475015 /* Debug */,
				9A55F11626989D4500475015 /* Release */,
			);
			defaultConfigurationIsVisible = 0;
			defaultConfigurationName = Release;
		};
		9A55F11726989D4500475015 /* Build configuration list for PBXNativeTarget "HWSWeSplit (macOS)" */ = {
			isa = XCConfigurationList;
			buildConfigurations = (
				9A55F11826989D4500475015 /* Debug */,
				9A55F11926989D4500475015 /* Release */,
			);
			defaultConfigurationIsVisible = 0;
			defaultConfigurationName = Release;
		};
/* End XCConfigurationList section */
	};
	rootObject = 9A55F0F426989D4400475015 /* Project object */;
}
